// !$*UTF8*$!
{
	archiveVersion = 1;
	classes = {
	};
	objectVersion = 46;
	objects = {

/* Begin PBXBuildFile section */
		7E0E76CD19EC7C5500DAC295 /* HeaderView.swift in Sources */ = {isa = PBXBuildFile; fileRef = 7E0E76CB19EC7C5500DAC295 /* HeaderView.swift */; };
		7E0E76CE19EC7C5500DAC295 /* HeaderView.xib in Resources */ = {isa = PBXBuildFile; fileRef = 7E0E76CC19EC7C5500DAC295 /* HeaderView.xib */; };
		7E0E76D019ECA8BA00DAC295 /* Images.xcassets in Resources */ = {isa = PBXBuildFile; fileRef = 7E0E76CF19ECA8BA00DAC295 /* Images.xcassets */; };
		7E348AAB19EC3C8E002FD3DA /* GalleryViewController.swift in Sources */ = {isa = PBXBuildFile; fileRef = 7E348AAA19EC3C8E002FD3DA /* GalleryViewController.swift */; };
		7E348AAD19EC4264002FD3DA /* GalleryCell.swift in Sources */ = {isa = PBXBuildFile; fileRef = 7E348AAC19EC4264002FD3DA /* GalleryCell.swift */; };
		7E348AB319EC6757002FD3DA /* logo.png in Resources */ = {isa = PBXBuildFile; fileRef = 7E348AB219EC6757002FD3DA /* logo.png */; };
		7E348AB519EC67BA002FD3DA /* placeholder.png in Resources */ = {isa = PBXBuildFile; fileRef = 7E348AB419EC67BA002FD3DA /* placeholder.png */; };
		7E348AB919EC6A18002FD3DA /* corner.png in Resources */ = {isa = PBXBuildFile; fileRef = 7E348AB819EC6A18002FD3DA /* corner.png */; };
		7EB7B5C019EC349000B7B5F3 /* AppDelegate.swift in Sources */ = {isa = PBXBuildFile; fileRef = 7EB7B5BF19EC349000B7B5F3 /* AppDelegate.swift */; };
		7EB7B5C319EC349000B7B5F3 /* Photo_Filters.xcdatamodeld in Sources */ = {isa = PBXBuildFile; fileRef = 7EB7B5C119EC349000B7B5F3 /* Photo_Filters.xcdatamodeld */; };
		7EB7B5C519EC349000B7B5F3 /* ViewController.swift in Sources */ = {isa = PBXBuildFile; fileRef = 7EB7B5C419EC349000B7B5F3 /* ViewController.swift */; };
		7EB7B5C819EC349000B7B5F3 /* Main.storyboard in Resources */ = {isa = PBXBuildFile; fileRef = 7EB7B5C619EC349000B7B5F3 /* Main.storyboard */; };
		7EB7B5CD19EC349000B7B5F3 /* LaunchScreen.xib in Resources */ = {isa = PBXBuildFile; fileRef = 7EB7B5CB19EC349000B7B5F3 /* LaunchScreen.xib */; };
		7EB7B5D919EC349000B7B5F3 /* Photo_FiltersTests.swift in Sources */ = {isa = PBXBuildFile; fileRef = 7EB7B5D819EC349000B7B5F3 /* Photo_FiltersTests.swift */; };
/* End PBXBuildFile section */

/* Begin PBXContainerItemProxy section */
		7EB7B5D319EC349000B7B5F3 /* PBXContainerItemProxy */ = {
			isa = PBXContainerItemProxy;
			containerPortal = 7EB7B5B219EC349000B7B5F3 /* Project object */;
			proxyType = 1;
			remoteGlobalIDString = 7EB7B5B919EC349000B7B5F3;
			remoteInfo = "Photo Filters";
		};
/* End PBXContainerItemProxy section */

/* Begin PBXFileReference section */
		7E0E76CB19EC7C5500DAC295 /* HeaderView.swift */ = {isa = PBXFileReference; fileEncoding = 4; lastKnownFileType = sourcecode.swift; path = HeaderView.swift; sourceTree = "<group>"; };
		7E0E76CC19EC7C5500DAC295 /* HeaderView.xib */ = {isa = PBXFileReference; fileEncoding = 4; lastKnownFileType = file.xib; path = HeaderView.xib; sourceTree = "<group>"; };
		7E0E76CF19ECA8BA00DAC295 /* Images.xcassets */ = {isa = PBXFileReference; lastKnownFileType = folder.assetcatalog; name = Images.xcassets; path = ../Images.xcassets; sourceTree = "<group>"; };
		7E348AAA19EC3C8E002FD3DA /* GalleryViewController.swift */ = {isa = PBXFileReference; fileEncoding = 4; lastKnownFileType = sourcecode.swift; path = GalleryViewController.swift; sourceTree = "<group>"; };
		7E348AAC19EC4264002FD3DA /* GalleryCell.swift */ = {isa = PBXFileReference; fileEncoding = 4; lastKnownFileType = sourcecode.swift; path = GalleryCell.swift; sourceTree = "<group>"; };
		7E348AB219EC6757002FD3DA /* logo.png */ = {isa = PBXFileReference; lastKnownFileType = image.png; path = logo.png; sourceTree = "<group>"; };
		7E348AB419EC67BA002FD3DA /* placeholder.png */ = {isa = PBXFileReference; lastKnownFileType = image.png; path = placeholder.png; sourceTree = "<group>"; };
		7E348AB819EC6A18002FD3DA /* corner.png */ = {isa = PBXFileReference; lastKnownFileType = image.png; path = corner.png; sourceTree = "<group>"; };
		7EB7B5BA19EC349000B7B5F3 /* Photo Filters.app */ = {isa = PBXFileReference; explicitFileType = wrapper.application; includeInIndex = 0; path = "Photo Filters.app"; sourceTree = BUILT_PRODUCTS_DIR; };
		7EB7B5BE19EC349000B7B5F3 /* Info.plist */ = {isa = PBXFileReference; lastKnownFileType = text.plist.xml; path = Info.plist; sourceTree = "<group>"; };
		7EB7B5BF19EC349000B7B5F3 /* AppDelegate.swift */ = {isa = PBXFileReference; lastKnownFileType = sourcecode.swift; path = AppDelegate.swift; sourceTree = "<group>"; };
		7EB7B5C219EC349000B7B5F3 /* Photo_Filters.xcdatamodel */ = {isa = PBXFileReference; lastKnownFileType = wrapper.xcdatamodel; path = Photo_Filters.xcdatamodel; sourceTree = "<group>"; };
		7EB7B5C419EC349000B7B5F3 /* ViewController.swift */ = {isa = PBXFileReference; lastKnownFileType = sourcecode.swift; path = ViewController.swift; sourceTree = "<group>"; };
		7EB7B5C719EC349000B7B5F3 /* Base */ = {isa = PBXFileReference; lastKnownFileType = file.storyboard; name = Base; path = Base.lproj/Main.storyboard; sourceTree = "<group>"; };
		7EB7B5CC19EC349000B7B5F3 /* Base */ = {isa = PBXFileReference; lastKnownFileType = file.xib; name = Base; path = Base.lproj/LaunchScreen.xib; sourceTree = "<group>"; };
		7EB7B5D219EC349000B7B5F3 /* Photo FiltersTests.xctest */ = {isa = PBXFileReference; explicitFileType = wrapper.cfbundle; includeInIndex = 0; path = "Photo FiltersTests.xctest"; sourceTree = BUILT_PRODUCTS_DIR; };
		7EB7B5D719EC349000B7B5F3 /* Info.plist */ = {isa = PBXFileReference; lastKnownFileType = text.plist.xml; path = Info.plist; sourceTree = "<group>"; };
		7EB7B5D819EC349000B7B5F3 /* Photo_FiltersTests.swift */ = {isa = PBXFileReference; lastKnownFileType = sourcecode.swift; path = Photo_FiltersTests.swift; sourceTree = "<group>"; };
/* End PBXFileReference section */

/* Begin PBXFrameworksBuildPhase section */
		7EB7B5B719EC349000B7B5F3 /* Frameworks */ = {
			isa = PBXFrameworksBuildPhase;
			buildActionMask = 2147483647;
			files = (
			);
			runOnlyForDeploymentPostprocessing = 0;
		};
		7EB7B5CF19EC349000B7B5F3 /* Frameworks */ = {
			isa = PBXFrameworksBuildPhase;
			buildActionMask = 2147483647;
			files = (
			);
			runOnlyForDeploymentPostprocessing = 0;
		};
/* End PBXFrameworksBuildPhase section */

/* Begin PBXGroup section */
		7EB7B5B119EC349000B7B5F3 = {
			isa = PBXGroup;
			children = (
				7EB7B5E419EC34C600B7B5F3 /* Model Layer */,
				7EB7B5E319EC34BE00B7B5F3 /* View Layer */,
				7EB7B5E219EC34A900B7B5F3 /* Controller Layer */,
				7EB7B5BC19EC349000B7B5F3 /* Photo Filters */,
				7EB7B5D519EC349000B7B5F3 /* Photo FiltersTests */,
				7EB7B5BB19EC349000B7B5F3 /* Products */,
			);
			sourceTree = "<group>";
		};
		7EB7B5BB19EC349000B7B5F3 /* Products */ = {
			isa = PBXGroup;
			children = (
				7EB7B5BA19EC349000B7B5F3 /* Photo Filters.app */,
				7EB7B5D219EC349000B7B5F3 /* Photo FiltersTests.xctest */,
			);
			name = Products;
			sourceTree = "<group>";
		};
		7EB7B5BC19EC349000B7B5F3 /* Photo Filters */ = {
			isa = PBXGroup;
			children = (
				7EB7B5BF19EC349000B7B5F3 /* AppDelegate.swift */,
				7E0E76CF19ECA8BA00DAC295 /* Images.xcassets */,
				7EB7B5C119EC349000B7B5F3 /* Photo_Filters.xcdatamodeld */,
				7EB7B5BD19EC349000B7B5F3 /* Supporting Files */,
			);
			path = "Photo Filters";
			sourceTree = "<group>";
		};
		7EB7B5BD19EC349000B7B5F3 /* Supporting Files */ = {
			isa = PBXGroup;
			children = (
				7E348AB219EC6757002FD3DA /* logo.png */,
				7E348AB819EC6A18002FD3DA /* corner.png */,
				7E348AB419EC67BA002FD3DA /* placeholder.png */,
				7EB7B5BE19EC349000B7B5F3 /* Info.plist */,
			);
			name = "Supporting Files";
			sourceTree = "<group>";
		};
		7EB7B5D519EC349000B7B5F3 /* Photo FiltersTests */ = {
			isa = PBXGroup;
			children = (
				7EB7B5D819EC349000B7B5F3 /* Photo_FiltersTests.swift */,
				7EB7B5D619EC349000B7B5F3 /* Supporting Files */,
			);
			path = "Photo FiltersTests";
			sourceTree = "<group>";
		};
		7EB7B5D619EC349000B7B5F3 /* Supporting Files */ = {
			isa = PBXGroup;
			children = (
				7EB7B5D719EC349000B7B5F3 /* Info.plist */,
			);
			name = "Supporting Files";
			sourceTree = "<group>";
		};
		7EB7B5E219EC34A900B7B5F3 /* Controller Layer */ = {
			isa = PBXGroup;
			children = (
				7EB7B5C419EC349000B7B5F3 /* ViewController.swift */,
				7E348AAA19EC3C8E002FD3DA /* GalleryViewController.swift */,
			);
			name = "Controller Layer";
			path = "Photo Filters";
			sourceTree = "<group>";
		};
		7EB7B5E319EC34BE00B7B5F3 /* View Layer */ = {
			isa = PBXGroup;
			children = (
				7E348AAC19EC4264002FD3DA /* GalleryCell.swift */,
				7EB7B5C619EC349000B7B5F3 /* Main.storyboard */,
				7EB7B5CB19EC349000B7B5F3 /* LaunchScreen.xib */,
				7E0E76CB19EC7C5500DAC295 /* HeaderView.swift */,
				7E0E76CC19EC7C5500DAC295 /* HeaderView.xib */,
			);
			name = "View Layer";
			path = "Photo Filters";
			sourceTree = "<group>";
		};
		7EB7B5E419EC34C600B7B5F3 /* Model Layer */ = {
			isa = PBXGroup;
			children = (
			);
			name = "Model Layer";
			path = "Photo Filters";
			sourceTree = "<group>";
		};
/* End PBXGroup section */

/* Begin PBXNativeTarget section */
		7EB7B5B919EC349000B7B5F3 /* Photo Filters */ = {
			isa = PBXNativeTarget;
			buildConfigurationList = 7EB7B5DC19EC349000B7B5F3 /* Build configuration list for PBXNativeTarget "Photo Filters" */;
			buildPhases = (
				7EB7B5B619EC349000B7B5F3 /* Sources */,
				7EB7B5B719EC349000B7B5F3 /* Frameworks */,
				7EB7B5B819EC349000B7B5F3 /* Resources */,
			);
			buildRules = (
			);
			dependencies = (
			);
			name = "Photo Filters";
			productName = "Photo Filters";
			productReference = 7EB7B5BA19EC349000B7B5F3 /* Photo Filters.app */;
			productType = "com.apple.product-type.application";
		};
		7EB7B5D119EC349000B7B5F3 /* Photo FiltersTests */ = {
			isa = PBXNativeTarget;
			buildConfigurationList = 7EB7B5DF19EC349000B7B5F3 /* Build configuration list for PBXNativeTarget "Photo FiltersTests" */;
			buildPhases = (
				7EB7B5CE19EC349000B7B5F3 /* Sources */,
				7EB7B5CF19EC349000B7B5F3 /* Frameworks */,
				7EB7B5D019EC349000B7B5F3 /* Resources */,
			);
			buildRules = (
			);
			dependencies = (
				7EB7B5D419EC349000B7B5F3 /* PBXTargetDependency */,
			);
			name = "Photo FiltersTests";
			productName = "Photo FiltersTests";
			productReference = 7EB7B5D219EC349000B7B5F3 /* Photo FiltersTests.xctest */;
			productType = "com.apple.product-type.bundle.unit-test";
		};
/* End PBXNativeTarget section */

/* Begin PBXProject section */
		7EB7B5B219EC349000B7B5F3 /* Project object */ = {
			isa = PBXProject;
			attributes = {
				LastUpgradeCheck = 0600;
				ORGANIZATIONNAME = "Cameron Klein";
				TargetAttributes = {
					7EB7B5B919EC349000B7B5F3 = {
						CreatedOnToolsVersion = 6.0;
					};
					7EB7B5D119EC349000B7B5F3 = {
						CreatedOnToolsVersion = 6.0;
						TestTargetID = 7EB7B5B919EC349000B7B5F3;
					};
				};
			};
			buildConfigurationList = 7EB7B5B519EC349000B7B5F3 /* Build configuration list for PBXProject "Photo Filters" */;
			compatibilityVersion = "Xcode 3.2";
			developmentRegion = English;
			hasScannedForEncodings = 0;
			knownRegions = (
				en,
				Base,
			);
			mainGroup = 7EB7B5B119EC349000B7B5F3;
			productRefGroup = 7EB7B5BB19EC349000B7B5F3 /* Products */;
			projectDirPath = "";
			projectRoot = "";
			targets = (
				7EB7B5B919EC349000B7B5F3 /* Photo Filters */,
				7EB7B5D119EC349000B7B5F3 /* Photo FiltersTests */,
			);
		};
/* End PBXProject section */

/* Begin PBXResourcesBuildPhase section */
		7EB7B5B819EC349000B7B5F3 /* Resources */ = {
			isa = PBXResourcesBuildPhase;
			buildActionMask = 2147483647;
			files = (
				7E348AB319EC6757002FD3DA /* logo.png in Resources */,
				7E0E76D019ECA8BA00DAC295 /* Images.xcassets in Resources */,
				7EB7B5C819EC349000B7B5F3 /* Main.storyboard in Resources */,
				7E0E76CE19EC7C5500DAC295 /* HeaderView.xib in Resources */,
				7E348AB919EC6A18002FD3DA /* corner.png in Resources */,
				7EB7B5CD19EC349000B7B5F3 /* LaunchScreen.xib in Resources */,
				7E348AB519EC67BA002FD3DA /* placeholder.png in Resources */,
			);
			runOnlyForDeploymentPostprocessing = 0;
		};
		7EB7B5D019EC349000B7B5F3 /* Resources */ = {
			isa = PBXResourcesBuildPhase;
			buildActionMask = 2147483647;
			files = (
			);
			runOnlyForDeploymentPostprocessing = 0;
		};
/* End PBXResourcesBuildPhase section */

/* Begin PBXSourcesBuildPhase section */
		7EB7B5B619EC349000B7B5F3 /* Sources */ = {
			isa = PBXSourcesBuildPhase;
			buildActionMask = 2147483647;
			files = (
				7EB7B5C519EC349000B7B5F3 /* ViewController.swift in Sources */,
				7E0E76CD19EC7C5500DAC295 /* HeaderView.swift in Sources */,
				7E348AAD19EC4264002FD3DA /* GalleryCell.swift in Sources */,
				7E348AAB19EC3C8E002FD3DA /* GalleryViewController.swift in Sources */,
				7EB7B5C319EC349000B7B5F3 /* Photo_Filters.xcdatamodeld in Sources */,
				7EB7B5C019EC349000B7B5F3 /* AppDelegate.swift in Sources */,
			);
			runOnlyForDeploymentPostprocessing = 0;
		};
		7EB7B5CE19EC349000B7B5F3 /* Sources */ = {
			isa = PBXSourcesBuildPhase;
			buildActionMask = 2147483647;
			files = (
				7EB7B5D919EC349000B7B5F3 /* Photo_FiltersTests.swift in Sources */,
			);
			runOnlyForDeploymentPostprocessing = 0;
		};
/* End PBXSourcesBuildPhase section */

/* Begin PBXTargetDependency section */
		7EB7B5D419EC349000B7B5F3 /* PBXTargetDependency */ = {
			isa = PBXTargetDependency;
			target = 7EB7B5B919EC349000B7B5F3 /* Photo Filters */;
			targetProxy = 7EB7B5D319EC349000B7B5F3 /* PBXContainerItemProxy */;
		};
/* End PBXTargetDependency section */

/* Begin PBXVariantGroup section */
		7EB7B5C619EC349000B7B5F3 /* Main.storyboard */ = {
			isa = PBXVariantGroup;
			children = (
				7EB7B5C719EC349000B7B5F3 /* Base */,
			);
			name = Main.storyboard;
			sourceTree = "<group>";
		};
		7EB7B5CB19EC349000B7B5F3 /* LaunchScreen.xib */ = {
			isa = PBXVariantGroup;
			children = (
				7EB7B5CC19EC349000B7B5F3 /* Base */,
			);
			name = LaunchScreen.xib;
			sourceTree = "<group>";
		};
/* End PBXVariantGroup section */

/* Begin XCBuildConfiguration section */
		7EB7B5DA19EC349000B7B5F3 /* Debug */ = {
			isa = XCBuildConfiguration;
			buildSettings = {
				ALWAYS_SEARCH_USER_PATHS = NO;
				CLANG_CXX_LANGUAGE_STANDARD = "gnu++0x";
				CLANG_CXX_LIBRARY = "libc++";
				CLANG_ENABLE_MODULES = YES;
				CLANG_ENABLE_OBJC_ARC = YES;
				CLANG_WARN_BOOL_CONVERSION = YES;
				CLANG_WARN_CONSTANT_CONVERSION = YES;
				CLANG_WARN_DIRECT_OBJC_ISA_USAGE = YES_ERROR;
				CLANG_WARN_EMPTY_BODY = YES;
				CLANG_WARN_ENUM_CONVERSION = YES;
				CLANG_WARN_INT_CONVERSION = YES;
				CLANG_WARN_OBJC_ROOT_CLASS = YES_ERROR;
				CLANG_WARN_UNREACHABLE_CODE = YES;
				CLANG_WARN__DUPLICATE_METHOD_MATCH = YES;
				"CODE_SIGN_IDENTITY[sdk=iphoneos*]" = "iPhone Developer";
				COPY_PHASE_STRIP = NO;
				ENABLE_STRICT_OBJC_MSGSEND = YES;
				GCC_C_LANGUAGE_STANDARD = gnu99;
				GCC_DYNAMIC_NO_PIC = NO;
				GCC_OPTIMIZATION_LEVEL = 0;
				GCC_PREPROCESSOR_DEFINITIONS = (
					"DEBUG=1",
					"$(inherited)",
				);
				GCC_SYMBOLS_PRIVATE_EXTERN = NO;
				GCC_WARN_64_TO_32_BIT_CONVERSION = YES;
				GCC_WARN_ABOUT_RETURN_TYPE = YES_ERROR;
				GCC_WARN_UNDECLARED_SELECTOR = YES;
				GCC_WARN_UNINITIALIZED_AUTOS = YES_AGGRESSIVE;
				GCC_WARN_UNUSED_FUNCTION = YES;
				GCC_WARN_UNUSED_VARIABLE = YES;
				IPHONEOS_DEPLOYMENT_TARGET = 8.0;
				MTL_ENABLE_DEBUG_INFO = YES;
				ONLY_ACTIVE_ARCH = YES;
				SDKROOT = iphoneos;
				SWIFT_OPTIMIZATION_LEVEL = "-Onone";
				TARGETED_DEVICE_FAMILY = "1,2";
			};
			name = Debug;
		};
		7EB7B5DB19EC349000B7B5F3 /* Release */ = {
			isa = XCBuildConfiguration;
			buildSettings = {
				ALWAYS_SEARCH_USER_PATHS = NO;
				CLANG_CXX_LANGUAGE_STANDARD = "gnu++0x";
				CLANG_CXX_LIBRARY = "libc++";
				CLANG_ENABLE_MODULES = YES;
				CLANG_ENABLE_OBJC_ARC = YES;
				CLANG_WARN_BOOL_CONVERSION = YES;
				CLANG_WARN_CONSTANT_CONVERSION = YES;
				CLANG_WARN_DIRECT_OBJC_ISA_USAGE = YES_ERROR;
				CLANG_WARN_EMPTY_BODY = YES;
				CLANG_WARN_ENUM_CONVERSION = YES;
				CLANG_WARN_INT_CONVERSION = YES;
				CLANG_WARN_OBJC_ROOT_CLASS = YES_ERROR;
				CLANG_WARN_UNREACHABLE_CODE = YES;
				CLANG_WARN__DUPLICATE_METHOD_MATCH = YES;
				"CODE_SIGN_IDENTITY[sdk=iphoneos*]" = "iPhone Developer";
				COPY_PHASE_STRIP = YES;
				ENABLE_NS_ASSERTIONS = NO;
				ENABLE_STRICT_OBJC_MSGSEND = YES;
				GCC_C_LANGUAGE_STANDARD = gnu99;
				GCC_WARN_64_TO_32_BIT_CONVERSION = YES;
				GCC_WARN_ABOUT_RETURN_TYPE = YES_ERROR;
				GCC_WARN_UNDECLARED_SELECTOR = YES;
				GCC_WARN_UNINITIALIZED_AUTOS = YES_AGGRESSIVE;
				GCC_WARN_UNUSED_FUNCTION = YES;
				GCC_WARN_UNUSED_VARIABLE = YES;
				IPHONEOS_DEPLOYMENT_TARGET = 8.0;
				MTL_ENABLE_DEBUG_INFO = NO;
				SDKROOT = iphoneos;
				TARGETED_DEVICE_FAMILY = "1,2";
				VALIDATE_PRODUCT = YES;
			};
			name = Release;
		};
		7EB7B5DD19EC349000B7B5F3 /* Debug */ = {
			isa = XCBuildConfiguration;
			buildSettings = {
				ASSETCATALOG_COMPILER_APPICON_NAME = AppIcon;
				INFOPLIST_FILE = "Photo Filters/Info.plist";
				LD_RUNPATH_SEARCH_PATHS = "$(inherited) @executable_path/Frameworks";
				PRODUCT_NAME = "$(TARGET_NAME)";
			};
			name = Debug;
		};
		7EB7B5DE19EC349000B7B5F3 /* Release */ = {
			isa = XCBuildConfiguration;
			buildSettings = {
				ASSETCATALOG_COMPILER_APPICON_NAME = AppIcon;
				INFOPLIST_FILE = "Photo Filters/Info.plist";
				LD_RUNPATH_SEARCH_PATHS = "$(inherited) @executable_path/Frameworks";
				PRODUCT_NAME = "$(TARGET_NAME)";
			};
			name = Release;
		};
		7EB7B5E019EC349000B7B5F3 /* Debug */ = {
			isa = XCBuildConfiguration;
			buildSettings = {
				BUNDLE_LOADER = "$(TEST_HOST)";
				FRAMEWORK_SEARCH_PATHS = (
					"$(SDKROOT)/Developer/Library/Frameworks",
					"$(inherited)",
				);
				GCC_PREPROCESSOR_DEFINITIONS = (
					"DEBUG=1",
					"$(inherited)",
				);
				INFOPLIST_FILE = "Photo FiltersTests/Info.plist";
				LD_RUNPATH_SEARCH_PATHS = "$(inherited) @executable_path/Frameworks @loader_path/Frameworks";
				PRODUCT_NAME = "$(TARGET_NAME)";
				TEST_HOST = "$(BUILT_PRODUCTS_DIR)/Photo Filters.app/Photo Filters";
			};
			name = Debug;
		};
		7EB7B5E119EC349000B7B5F3 /* Release */ = {
			isa = XCBuildConfiguration;
			buildSettings = {
				BUNDLE_LOADER = "$(TEST_HOST)";
				FRAMEWORK_SEARCH_PATHS = (
					"$(SDKROOT)/Developer/Library/Frameworks",
					"$(inherited)",
				);
				INFOPLIST_FILE = "Photo FiltersTests/Info.plist";
				LD_RUNPATH_SEARCH_PATHS = "$(inherited) @executable_path/Frameworks @loader_path/Frameworks";
				PRODUCT_NAME = "$(TARGET_NAME)";
				TEST_HOST = "$(BUILT_PRODUCTS_DIR)/Photo Filters.app/Photo Filters";
			};
			name = Release;
		};
/* End XCBuildConfiguration section */

/* Begin XCConfigurationList section */
		7EB7B5B519EC349000B7B5F3 /* Build configuration list for PBXProject "Photo Filters" */ = {
			isa = XCConfigurationList;
			buildConfigurations = (
				7EB7B5DA19EC349000B7B5F3 /* Debug */,
				7EB7B5DB19EC349000B7B5F3 /* Release */,
			);
			defaultConfigurationIsVisible = 0;
			defaultConfigurationName = Release;
		};
		7EB7B5DC19EC349000B7B5F3 /* Build configuration list for PBXNativeTarget "Photo Filters" */ = {
			isa = XCConfigurationList;
			buildConfigurations = (
				7EB7B5DD19EC349000B7B5F3 /* Debug */,
				7EB7B5DE19EC349000B7B5F3 /* Release */,
			);
			defaultConfigurationIsVisible = 0;
			defaultConfigurationName = Release;
		};
		7EB7B5DF19EC349000B7B5F3 /* Build configuration list for PBXNativeTarget "Photo FiltersTests" */ = {
			isa = XCConfigurationList;
			buildConfigurations = (
				7EB7B5E019EC349000B7B5F3 /* Debug */,
				7EB7B5E119EC349000B7B5F3 /* Release */,
			);
			defaultConfigurationIsVisible = 0;
			defaultConfigurationName = Release;
		};
/* End XCConfigurationList section */

/* Begin XCVersionGroup section */
		7EB7B5C119EC349000B7B5F3 /* Photo_Filters.xcdatamodeld */ = {
			isa = XCVersionGroup;
			children = (
				7EB7B5C219EC349000B7B5F3 /* Photo_Filters.xcdatamodel */,
			);
			currentVersion = 7EB7B5C219EC349000B7B5F3 /* Photo_Filters.xcdatamodel */;
			path = Photo_Filters.xcdatamodeld;
			sourceTree = "<group>";
			versionGroupType = wrapper.xcdatamodel;
		};
/* End XCVersionGroup section */
	};
	rootObject = 7EB7B5B219EC349000B7B5F3 /* Project object */;
}
